PODS:
  - CVCalendar (1.2.9)
  - SwiftCharts (0.4)

DEPENDENCIES:
  - CVCalendar (~> 1.2.9)
  - SwiftCharts (~> 0.4)

SPEC CHECKSUMS:
  CVCalendar: 0799256e0bc3b43e83b7e86c0729ce9ff0624cb6
  SwiftCharts: 84b43d9d70b791459ff5f50ae5a6704326de309d

PODFILE CHECKSUM: 7bf0090e994fac32ff338558507201399b972e98

COCOAPODS: 1.0.1
